<Solution>
  <Project Path="Electronic Election Management System/Electronic Election Management System.csproj" />
  <Project Path="Electronic Election Management System.Tests/Electronic Election Management System.Tests.csproj" />
  <Project Path="Eems.PluginContracts/Eems.PluginContracts.csproj" />
  <Project Path="SamplePlugins/Eems.Plugins.Exponential/Eems.Plugins.Exponential.csproj" />
</Solution>
